
Microsoft Visual Studio Solution File, Format Version 12.00
# Visual Studio Version 17
VisualStudioVersion = 17.0.31612.314
MinimumVisualStudioVersion = 10.0.40219.1
Project("{9A19103F-16F7-4668-BE54-9A1E7A4F7556}") = "StarWarsDatabank.Items.FFG.Domain", "StarWarsDatabank.Items.Shared\StarWarsDatabank.Items.FFG.Domain.csproj", "{D04C9FCF-0324-427E-A232-1E42B6BDC73B}"
EndProject
Project("{9A19103F-16F7-4668-BE54-9A1E7A4F7556}") = "StarWarsDatabank.Framework", "StarWarsDatabank.Framework\StarWarsDatabank.Framework.csproj", "{288DD4B7-C7FB-4357-A29D-0514F6564DB8}"
EndProject
Project("{9A19103F-16F7-4668-BE54-9A1E7A4F7556}") = "StarWarsDatabank.Skills.FFG.Domain", "StarWarsDatabank.Skills.FFG.Domain\StarWarsDatabank.Skills.FFG.Domain.csproj", "{1BDF5D4F-9A7A-4D2D-9AE7-419CDEB81E4C}"
EndProject
Project("{9A19103F-16F7-4668-BE54-9A1E7A4F7556}") = "StarWarsDatabank.Talents.FFG.Domain", "StarWarsDatabank.Talents.FFG.Domain\StarWarsDatabank.Talents.FFG.Domain.csproj", "{C6EDB501-E4FB-41E1-8800-8FE8B10E4A85}"
EndProject
Project("{9A19103F-16F7-4668-BE54-9A1E7A4F7556}") = "StarWarsDatabank.Species.FFG.Domain", "StarWarsDatabank.Species.FFG.Domain\StarWarsDatabank.Species.FFG.Domain.csproj", "{B8C16476-2F15-41EF-AB2F-E22149E85B58}"
EndProject
Project("{9A19103F-16F7-4668-BE54-9A1E7A4F7556}") = "StarWarsDatabank.Character.FFG.Domain", "StarWarsDatabank.Character.FFG.Domain\StarWarsDatabank.Character.FFG.Domain.csproj", "{37E31E19-4393-4F67-A611-5AA00155C226}"
EndProject
Project("{9A19103F-16F7-4668-BE54-9A1E7A4F7556}") = "StarWarsDatabank.Careers.FFG.Domain", "StarWarsDatabank.Careers.FFG.Domain\StarWarsDatabank.Careers.FFG.Domain.csproj", "{7F1AE7E9-4F67-4F80-8EDB-CE77D4852E74}"
EndProject
Project("{FAE04EC0-301F-11D3-BF4B-00C04F79EFBC}") = "StarWarsDatabank.FFG.Data", "StarWarsDatabank.FFG.Data\StarWarsDatabank.FFG.Data.csproj", "{1E420332-2D88-49B7-9EEB-CC63B5E3E18A}"
EndProject
Project("{FAE04EC0-301F-11D3-BF4B-00C04F79EFBC}") = "SomeUI", "SomeUI\SomeUI.csproj", "{D3F1FDE2-B70B-4456-A65D-3CB82EA35D16}"
EndProject
Global
	GlobalSection(SolutionConfigurationPlatforms) = preSolution
		Debug|Any CPU = Debug|Any CPU
		Release|Any CPU = Release|Any CPU
	EndGlobalSection
	GlobalSection(ProjectConfigurationPlatforms) = postSolution
		{D04C9FCF-0324-427E-A232-1E42B6BDC73B}.Debug|Any CPU.ActiveCfg = Debug|Any CPU
		{D04C9FCF-0324-427E-A232-1E42B6BDC73B}.Debug|Any CPU.Build.0 = Debug|Any CPU
		{D04C9FCF-0324-427E-A232-1E42B6BDC73B}.Release|Any CPU.ActiveCfg = Release|Any CPU
		{D04C9FCF-0324-427E-A232-1E42B6BDC73B}.Release|Any CPU.Build.0 = Release|Any CPU
		{288DD4B7-C7FB-4357-A29D-0514F6564DB8}.Debug|Any CPU.ActiveCfg = Debug|Any CPU
		{288DD4B7-C7FB-4357-A29D-0514F6564DB8}.Debug|Any CPU.Build.0 = Debug|Any CPU
		{288DD4B7-C7FB-4357-A29D-0514F6564DB8}.Release|Any CPU.ActiveCfg = Release|Any CPU
		{288DD4B7-C7FB-4357-A29D-0514F6564DB8}.Release|Any CPU.Build.0 = Release|Any CPU
		{1BDF5D4F-9A7A-4D2D-9AE7-419CDEB81E4C}.Debug|Any CPU.ActiveCfg = Debug|Any CPU
		{1BDF5D4F-9A7A-4D2D-9AE7-419CDEB81E4C}.Debug|Any CPU.Build.0 = Debug|Any CPU
		{1BDF5D4F-9A7A-4D2D-9AE7-419CDEB81E4C}.Release|Any CPU.ActiveCfg = Release|Any CPU
		{1BDF5D4F-9A7A-4D2D-9AE7-419CDEB81E4C}.Release|Any CPU.Build.0 = Release|Any CPU
		{C6EDB501-E4FB-41E1-8800-8FE8B10E4A85}.Debug|Any CPU.ActiveCfg = Debug|Any CPU
		{C6EDB501-E4FB-41E1-8800-8FE8B10E4A85}.Debug|Any CPU.Build.0 = Debug|Any CPU
		{C6EDB501-E4FB-41E1-8800-8FE8B10E4A85}.Release|Any CPU.ActiveCfg = Release|Any CPU
		{C6EDB501-E4FB-41E1-8800-8FE8B10E4A85}.Release|Any CPU.Build.0 = Release|Any CPU
		{B8C16476-2F15-41EF-AB2F-E22149E85B58}.Debug|Any CPU.ActiveCfg = Debug|Any CPU
		{B8C16476-2F15-41EF-AB2F-E22149E85B58}.Debug|Any CPU.Build.0 = Debug|Any CPU
		{B8C16476-2F15-41EF-AB2F-E22149E85B58}.Release|Any CPU.ActiveCfg = Release|Any CPU
		{B8C16476-2F15-41EF-AB2F-E22149E85B58}.Release|Any CPU.Build.0 = Release|Any CPU
		{37E31E19-4393-4F67-A611-5AA00155C226}.Debug|Any CPU.ActiveCfg = Debug|Any CPU
		{37E31E19-4393-4F67-A611-5AA00155C226}.Debug|Any CPU.Build.0 = Debug|Any CPU
		{37E31E19-4393-4F67-A611-5AA00155C226}.Release|Any CPU.ActiveCfg = Release|Any CPU
		{37E31E19-4393-4F67-A611-5AA00155C226}.Release|Any CPU.Build.0 = Release|Any CPU
		{7F1AE7E9-4F67-4F80-8EDB-CE77D4852E74}.Debug|Any CPU.ActiveCfg = Debug|Any CPU
		{7F1AE7E9-4F67-4F80-8EDB-CE77D4852E74}.Debug|Any CPU.Build.0 = Debug|Any CPU
		{7F1AE7E9-4F67-4F80-8EDB-CE77D4852E74}.Release|Any CPU.ActiveCfg = Release|Any CPU
		{7F1AE7E9-4F67-4F80-8EDB-CE77D4852E74}.Release|Any CPU.Build.0 = Release|Any CPU
		{1E420332-2D88-49B7-9EEB-CC63B5E3E18A}.Debug|Any CPU.ActiveCfg = Debug|Any CPU
		{1E420332-2D88-49B7-9EEB-CC63B5E3E18A}.Debug|Any CPU.Build.0 = Debug|Any CPU
		{1E420332-2D88-49B7-9EEB-CC63B5E3E18A}.Release|Any CPU.ActiveCfg = Release|Any CPU
		{1E420332-2D88-49B7-9EEB-CC63B5E3E18A}.Release|Any CPU.Build.0 = Release|Any CPU
		{D3F1FDE2-B70B-4456-A65D-3CB82EA35D16}.Debug|Any CPU.ActiveCfg = Debug|Any CPU
		{D3F1FDE2-B70B-4456-A65D-3CB82EA35D16}.Debug|Any CPU.Build.0 = Debug|Any CPU
		{D3F1FDE2-B70B-4456-A65D-3CB82EA35D16}.Release|Any CPU.ActiveCfg = Release|Any CPU
		{D3F1FDE2-B70B-4456-A65D-3CB82EA35D16}.Release|Any CPU.Build.0 = Release|Any CPU
	EndGlobalSection
	GlobalSection(SolutionProperties) = preSolution
		HideSolutionNode = FALSE
	EndGlobalSection
	GlobalSection(ExtensibilityGlobals) = postSolution
		SolutionGuid = {E322F900-A27F-43EA-A34C-CBDCA4D7BB02}
	EndGlobalSection
EndGlobal
